
Microsoft Visual Studio Solution File, Format Version 12.00
# Visual Studio Version 16
VisualStudioVersion = 16.0.31019.35
MinimumVisualStudioVersion = 10.0.40219.1
Project("{FAE04EC0-301F-11D3-BF4B-00C04F79EFBC}") = "LiarsDice", "LiarsDice\LiarsDice.csproj", "{B1AD6627-232A-43F1-A66B-699F4CD9819D}"
EndProject
Global
	GlobalSection(SolutionConfigurationPlatforms) = preSolution
		Debug|Any CPU = Debug|Any CPU
		Release|Any CPU = Release|Any CPU
	EndGlobalSection
	GlobalSection(ProjectConfigurationPlatforms) = postSolution
		{B1AD6627-232A-43F1-A66B-699F4CD9819D}.Debug|Any CPU.ActiveCfg = Debug|Any CPU
		{B1AD6627-232A-43F1-A66B-699F4CD9819D}.Debug|Any CPU.Build.0 = Debug|Any CPU
		{B1AD6627-232A-43F1-A66B-699F4CD9819D}.Release|Any CPU.ActiveCfg = Release|Any CPU
		{B1AD6627-232A-43F1-A66B-699F4CD9819D}.Release|Any CPU.Build.0 = Release|Any CPU
	EndGlobalSection
	GlobalSection(SolutionProperties) = preSolution
		HideSolutionNode = FALSE
	EndGlobalSection
	GlobalSection(ExtensibilityGlobals) = postSolution
		SolutionGuid = {1D9612E3-870A-43C4-ACF8-022F531D733D}
	EndGlobalSection
EndGlobal
